
Microsoft Visual Studio Solution File, Format Version 12.00
# Visual Studio Version 17
VisualStudioVersion = 17.3.32804.467
MinimumVisualStudioVersion = 10.0.40219.1
Project("{FAE04EC0-301F-11D3-BF4B-00C04F79EFBC}") = "EncodeArticle", "EncodeArticle.csproj", "{EB993477-FF5C-4180-9436-7CB8618D45D8}"
EndProject
Global
	GlobalSection(SolutionConfigurationPlatforms) = preSolution
		Debug|Any CPU = Debug|Any CPU
		Release|Any CPU = Release|Any CPU
	EndGlobalSection
	GlobalSection(ProjectConfigurationPlatforms) = postSolution
		{EB993477-FF5C-4180-9436-7CB8618D45D8}.Debug|Any CPU.ActiveCfg = Debug|Any CPU
		{EB993477-FF5C-4180-9436-7CB8618D45D8}.Debug|Any CPU.Build.0 = Debug|Any CPU
		{EB993477-FF5C-4180-9436-7CB8618D45D8}.Release|Any CPU.ActiveCfg = Release|Any CPU
		{EB993477-FF5C-4180-9436-7CB8618D45D8}.Release|Any CPU.Build.0 = Release|Any CPU
	EndGlobalSection
	GlobalSection(SolutionProperties) = preSolution
		HideSolutionNode = FALSE
	EndGlobalSection
	GlobalSection(ExtensibilityGlobals) = postSolution
		SolutionGuid = {D0EC5548-3827-4D2B-9CDB-45167308107B}
	EndGlobalSection
EndGlobal
